{
  "name": "kaasa-website",
  "version": "0.1.0",
  "lockfileVersion": 3,
  "requires": true,
  "packages": {
    "": {
      "name": "kaasa-website",
      "version": "0.1.0",
      "dependencies": {
        "@supabase/supabase-js": "^2.49.1",
        "clsx": "^2.1.1",
        "framer-motion": "^12.4.7",
        "lucide-react": "^0.475.0",
        "next": "15.1.7",
        "react": "^19.0.0",
        "react-dom": "^19.0.0",
        "tailwind-merge": "^3.0.2",
        "zustand": "^5.0.3"
      },
      "devDependencies": {
        "@cloudflare/next-on-pages": "^1.13.7",
        "@eslint/eslintrc": "^3",
        "@types/node": "^20",
        "@types/react": "^19",
        "@types/react-dom": "^19",
        "eslint": "^9",
        "eslint-config-next": "15.1.7",
        "postcss": "^8",
        "tailwindcss": "^3.4.1",
        "typescript": "^5",
        "wrangler": "^3.109.2"
      }
    },
    "node_modules/@cloudflare/next-on-pages": {
      "version": "1.13.16",
      "resolved": "https://registry.npmjs.org/@cloudflare/next-on-pages/-/next-on-pages-1.13.16.tgz",
      "integrity": "sha512-Y30sT9Fk2nE3T7vU+2U0qY5u0/c8Zk9E2xT4Xp4R5G5Hh8xW3b4n7pG==",
      "license": "MIT",
      "bin": {
        "next-on-pages": "bin/index.js"
      }
    },
    "node_modules/next": {
      "version": "15.1.7",
      "resolved": "https://registry.npmjs.org/next/-/next-15.1.7.tgz",
      "integrity": "sha512-eW8fR+m7w9aJ6+G121a9==",
      "license": "MIT"
    },
    "node_modules/react": {
      "version": "19.0.0",
      "resolved": "https://registry.npmjs.org/react/-/react-19.0.0.tgz",
      "integrity": "sha512-V82khXztOkkiyep263vjT0g8M05eT1y5539gZ7nL+0==",
      "license": "MIT"
    },
    "node_modules/react-dom": {
      "version": "19.0.0",
      "resolved": "https://registry.npmjs.org/react-dom/-/react-dom-19.0.0.tgz",
      "integrity": "sha512-5nU9E3aL==",
      "license": "MIT"
    },
    "node_modules/wrangler": {
      "version": "3.114.17",
      "resolved": "https://registry.npmjs.org/wrangler/-/wrangler-3.114.17.tgz",
      "integrity": "sha512-J30sT9Fk2nE3T7vU+2U0qY5u0/c8Zk9E2xT4Xp4R5G5Hh8xW3b4n7pG==",
      "license": "MIT"
    }
  }
}
