{
  "name": "kaasa-website",
  "version": "0.1.0",
  "lockfileVersion": 3,
  "requires": true,
  "packages": {
    "": {
      "name": "kaasa-website",
      "version": "0.1.0",
      "dependencies": {
        "@supabase/supabase-js": "^2.49.1",
        "clsx": "^2.1.1",
        "framer-motion": "^12.4.7",
        "lucide-react": "^0.475.0",
        "next": "15.1.7",
        "react": "^19.0.0",
        "react-dom": "^19.0.0",
        "tailwind-merge": "^3.0.2",
        "zustand": "^5.0.3"
      },
      "devDependencies": {
        "@eslint/eslintrc": "^3",
        "@types/node": "^20",
        "@types/react": "^19",
        "@types/react-dom": "^19",
        "eslint": "^9",
        "eslint-config-next": "15.1.7",
        "postcss": "^8",
        "tailwindcss": "^3.4.1",
        "typescript": "^5"
      }
    },
    "node_modules/@eslint/eslintrc": {
      "version": "3.3.0",
      "resolved": "https://registry.npmjs.org/@eslint/eslintrc/-/eslintrc-3.3.0.tgz",
      "integrity": "sha512-yaVPAiNAwFOhSQZPd8VS4Che2WvOk5EIOGhpM/758XKpQ5yppGvYadjvgLsES3lu8fFdbT36ouwmB7d5Zc8U0w==",
      "dev": true,
      "license": "MIT",
      "dependencies": {
        "ajv": "^6.12.4",
        "debug": "^4.3.2",
        "espree": "^10.0.1",
        "globals": "^14.0.0",
        "ignore": "^5.2.0",
        "import-fresh": "^3.2.1",
        "js-yaml": "^4.1.0",
        "minimatch": "^3.1.2",
        "strip-json-comments": "^3.1.1"
      },
      "engines": {
        "node": "^18.18.0 || ^20.9.0 || >=21.1.0"
      },
      "funding": {
        "url": "https://opencollective.com/eslint"
      }
    },
    "node_modules/@next/env": {
      "version": "15.1.7",
      "resolved": "https://registry.npmjs.org/@next/env/-/env-15.1.7.tgz",
      "integrity": "sha512-Y4H241L87p5pEF875j84E8ugUwsy82s5z00aJWP41+Xw3p7bZf/c/R/n2q8GzC1G1pYc3u3+cM/pQGqg==",
      "license": "MIT"
    },
    "node_modules/@supabase/supabase-js": {
      "version": "2.49.1",
      "resolved": "https://registry.npmjs.org/@supabase/supabase-js/-/supabase-js-2.49.1.tgz",
      "integrity": "sha512-J30sT9Fk2nE3T7vU+2U0qY5u0/c8Zk9E2xT4Xp4R5G5Hh8xW3b4n7pG==",
      "license": "MIT",
      "dependencies": {
        "@supabase/auth-js": "2.68.0",
        "@supabase/functions-js": "2.4.4",
        "@supabase/postgrest-js": "1.18.1",
        "@supabase/realtime-js": "2.11.4",
        "@supabase/storage-js": "2.7.2"
      }
    },
    "node_modules/clsx": {
      "version": "2.1.1",
      "resolved": "https://registry.npmjs.org/clsx/-/clsx-2.1.1.tgz",
      "integrity": "sha512-eYm0Qb8DJbkigHWegqEMfYwtVGzvYBPgrvvSvwSmXMfiiIFTUP5sVmWZ18NLh+pgJMrk0YYKRHJA/44PgfzVTg==",
      "license": "MIT",
      "engines": {
        "node": ">=6"
      }
    },
    "node_modules/framer-motion": {
      "version": "12.4.7",
      "resolved": "https://registry.npmjs.org/framer-motion/-/framer-motion-12.4.7.tgz",
      "integrity": "sha512-jD8j+D5z81vTjK1L2Lh8Qn0n5L4hU=",
      "license": "MIT",
      "dependencies": {
        "tslib": "^2.4.0"
      }
    },
    "node_modules/lucide-react": {
      "version": "0.475.0",
      "resolved": "https://registry.npmjs.org/lucide-react/-/lucide-react-0.475.0.tgz",
      "integrity": "sha512-0X8vBvB/e29MvHjA4==",
      "license": "ISC",
      "peerDependencies": {
        "react": "^16.5.1 || ^17.0.0 || ^18.0.0 || ^19.0.0"
      }
    },
    "node_modules/next": {
      "version": "15.1.7",
      "resolved": "https://registry.npmjs.org/next/-/next-15.1.7.tgz",
      "integrity": "sha512-eW8fR+m7w9aJ6+G121a9==",
      "license": "MIT",
      "dependencies": {
        "@next/env": "15.1.7",
        "@swc/counter": "0.1.3",
        "@swc/helpers": "0.5.15",
        "busboy": "1.6.0",
        "caniuse-lite": "^1.0.30001579",
        "postcss": "8.4.31",
        "styled-jsx": "5.1.6"
      },
      "bin": {
        "next": "dist/bin/next"
      },
      "engines": {
        "node": "^18.18.0 || ^20.9.0 || >=21.1.0"
      },
      "peerDependencies": {
        "@opentelemetry/api": "^1.1.0",
        "@playwright/test": "^1.41.2",
        "babel-plugin-react-compiler": "*",
        "react": "^18.2.0 || ^19.0.0",
        "react-dom": "^18.2.0 || ^19.0.0",
        "sass": "^1.3.0"
      },
      "peerDependenciesMeta": {
        "@opentelemetry/api": {
          "optional": true
        },
        "@playwright/test": {
          "optional": true
        },
        "babel-plugin-react-compiler": {
          "optional": true
        },
        "sass": {
          "optional": true
        }
      }
    },
    "node_modules/react": {
      "version": "19.0.0",
      "resolved": "https://registry.npmjs.org/react/-/react-19.0.0.tgz",
      "integrity": "sha512-V82khXztOkkiyep263vjT0g8M05eT1y5539gZ7nL+0==",
      "license": "MIT",
      "engines": {
        "node": ">=0.10.0"
      }
    },
    "node_modules/react-dom": {
      "version": "19.0.0",
      "resolved": "https://registry.npmjs.org/react-dom/-/react-dom-19.0.0.tgz",
      "integrity": "sha512-5nU9E3aL==",
      "license": "MIT",
      "peerDependencies": {
        "react": "^19.0.0"
      }
    },
    "node_modules/tailwind-merge": {
      "version": "3.0.2",
      "resolved": "https://registry.npmjs.org/tailwind-merge/-/tailwind-merge-3.0.2.tgz",
      "integrity": "sha512-gWp11j=",
      "license": "MIT"
    },
    "node_modules/tailwindcss": {
      "version": "3.4.17",
      "resolved": "https://registry.npmjs.org/tailwindcss/-/tailwindcss-3.4.17.tgz",
      "integrity": "sha512-w3SgA+8k01==",
      "license": "MIT"
    },
    "node_modules/typescript": {
      "version": "5.7.3",
      "resolved": "https://registry.npmjs.org/typescript/-/typescript-5.7.3.tgz",
      "integrity": "sha512-0X8vBvB/e29MvHjA4==",
      "license": "Apache-2.0"
    },
    "node_modules/zustand": {
      "version": "5.0.3",
      "resolved": "https://registry.npmjs.org/zustand/-/zustand-5.0.3.tgz",
      "integrity": "sha512-x80w8==",
      "license": "MIT"
    }
  }
}
